
Microsoft Visual Studio Solution File, Format Version 12.00
# Visual Studio Version 17
VisualStudioVersion = 17.1.32328.378
MinimumVisualStudioVersion = 10.0.40219.1
Project("{FAE04EC0-301F-11D3-BF4B-00C04F79EFBC}") = "origemployeecomputation", "origemployeecomputation\origemployeecomputation.csproj", "{ADC37B65-EAB9-4A37-95EC-D0841FEC804C}"
EndProject
Global
	GlobalSection(SolutionConfigurationPlatforms) = preSolution
		Debug|Any CPU = Debug|Any CPU
		Release|Any CPU = Release|Any CPU
	EndGlobalSection
	GlobalSection(ProjectConfigurationPlatforms) = postSolution
		{ADC37B65-EAB9-4A37-95EC-D0841FEC804C}.Debug|Any CPU.ActiveCfg = Debug|Any CPU
		{ADC37B65-EAB9-4A37-95EC-D0841FEC804C}.Debug|Any CPU.Build.0 = Debug|Any CPU
		{ADC37B65-EAB9-4A37-95EC-D0841FEC804C}.Release|Any CPU.ActiveCfg = Release|Any CPU
		{ADC37B65-EAB9-4A37-95EC-D0841FEC804C}.Release|Any CPU.Build.0 = Release|Any CPU
	EndGlobalSection
	GlobalSection(SolutionProperties) = preSolution
		HideSolutionNode = FALSE
	EndGlobalSection
	GlobalSection(ExtensibilityGlobals) = postSolution
		SolutionGuid = {D965AD22-0800-4AEC-8D20-9ABA5B9AF16F}
	EndGlobalSection
EndGlobal
